
Microsoft Visual Studio Solution File, Format Version 12.00
# Visual Studio 15
VisualStudioVersion = 15.0.27130.2024
MinimumVisualStudioVersion = 10.0.40219.1
Project("{FAE04EC0-301F-11D3-BF4B-00C04F79EFBC}") = "HowickMaker", "HowickMaker\HowickMaker.csproj", "{7C8696A7-F8BC-44ED-810E-D6C288FE52D9}"
EndProject
Project("{FAE04EC0-301F-11D3-BF4B-00C04F79EFBC}") = "HowickMakerTests", "HowickMakerTests\HowickMakerTests.csproj", "{A179EA8C-D643-45D1-8E0B-363BB3599886}"
EndProject
Project("{FAE04EC0-301F-11D3-BF4B-00C04F79EFBC}") = "HowickMakerDynamo", "HowickMakerDynamo\HowickMakerDynamo.csproj", "{579AEC00-C21A-468B-9DA8-5955DE9BB066}"
EndProject
Global
	GlobalSection(SolutionConfigurationPlatforms) = preSolution
		Debug|Any CPU = Debug|Any CPU
		Release|Any CPU = Release|Any CPU
	EndGlobalSection
	GlobalSection(ProjectConfigurationPlatforms) = postSolution
		{7C8696A7-F8BC-44ED-810E-D6C288FE52D9}.Debug|Any CPU.ActiveCfg = Debug|Any CPU
		{7C8696A7-F8BC-44ED-810E-D6C288FE52D9}.Debug|Any CPU.Build.0 = Debug|Any CPU
		{7C8696A7-F8BC-44ED-810E-D6C288FE52D9}.Release|Any CPU.ActiveCfg = Release|Any CPU
		{7C8696A7-F8BC-44ED-810E-D6C288FE52D9}.Release|Any CPU.Build.0 = Release|Any CPU
		{A179EA8C-D643-45D1-8E0B-363BB3599886}.Debug|Any CPU.ActiveCfg = Debug|Any CPU
		{A179EA8C-D643-45D1-8E0B-363BB3599886}.Debug|Any CPU.Build.0 = Debug|Any CPU
		{A179EA8C-D643-45D1-8E0B-363BB3599886}.Release|Any CPU.ActiveCfg = Release|Any CPU
		{A179EA8C-D643-45D1-8E0B-363BB3599886}.Release|Any CPU.Build.0 = Release|Any CPU
		{579AEC00-C21A-468B-9DA8-5955DE9BB066}.Debug|Any CPU.ActiveCfg = Debug|Any CPU
		{579AEC00-C21A-468B-9DA8-5955DE9BB066}.Debug|Any CPU.Build.0 = Debug|Any CPU
		{579AEC00-C21A-468B-9DA8-5955DE9BB066}.Release|Any CPU.ActiveCfg = Release|Any CPU
		{579AEC00-C21A-468B-9DA8-5955DE9BB066}.Release|Any CPU.Build.0 = Release|Any CPU
	EndGlobalSection
	GlobalSection(SolutionProperties) = preSolution
		HideSolutionNode = FALSE
	EndGlobalSection
	GlobalSection(ExtensibilityGlobals) = postSolution
		SolutionGuid = {AFDE7EB9-C3BB-4C4B-AC19-C74CE20F1170}
	EndGlobalSection
EndGlobal
